// !$*UTF8*$!
{
	archiveVersion = 1;
	classes = {
	};
	objectVersion = 46;
	objects = {

/* Begin PBXBuildFile section */
		250439391E269CA8007D080A /* LabelPopOverViewController.swift in Sources */ = {isa = PBXBuildFile; fileRef = 250439381E269CA8007D080A /* LabelPopOverViewController.swift */; };
		25419EF71E390D660006E4D9 /* globalVariables.swift in Sources */ = {isa = PBXBuildFile; fileRef = 25419EF61E390D660006E4D9 /* globalVariables.swift */; };
		25657E481E7846BB00BBCE1F /* jazzRhythms.swift in Sources */ = {isa = PBXBuildFile; fileRef = 25657E471E7846BB00BBCE1F /* jazzRhythms.swift */; };
		25657E4A1E7846CB00BBCE1F /* JRAuditionViewController.swift in Sources */ = {isa = PBXBuildFile; fileRef = 25657E491E7846CB00BBCE1F /* JRAuditionViewController.swift */; };
		257B19141DF877210038B298 /* ResultsViewController.swift in Sources */ = {isa = PBXBuildFile; fileRef = 257B19131DF877210038B298 /* ResultsViewController.swift */; };
		257B19161DF8772D0038B298 /* VarsityViewController.swift in Sources */ = {isa = PBXBuildFile; fileRef = 257B19151DF8772D0038B298 /* VarsityViewController.swift */; };
		257B19181DF8773A0038B298 /* FreshmenViewController.swift in Sources */ = {isa = PBXBuildFile; fileRef = 257B19171DF8773A0038B298 /* FreshmenViewController.swift */; };
		257B191A1DF877520038B298 /* JazzViewController.swift in Sources */ = {isa = PBXBuildFile; fileRef = 257B19191DF877520038B298 /* JazzViewController.swift */; };
		25A2A50C1E01B32F002B9E0F /* FPAuditionViewController.swift in Sources */ = {isa = PBXBuildFile; fileRef = 25A2A50B1E01B32F002B9E0F /* FPAuditionViewController.swift */; };
		25D365E51E76F8AD002DFEC5 /* JDAuditionViewController.swift in Sources */ = {isa = PBXBuildFile; fileRef = 25D365E41E76F8AD002DFEC5 /* JDAuditionViewController.swift */; };
		25D365E71E76F91C002DFEC5 /* JazzDrumset.swift in Sources */ = {isa = PBXBuildFile; fileRef = 25D365E61E76F91C002DFEC5 /* JazzDrumset.swift */; };
		77296B4F1E5CA31E003E956C /* VPAuditionViewController.swift in Sources */ = {isa = PBXBuildFile; fileRef = 77296B4E1E5CA31E003E956C /* VPAuditionViewController.swift */; };
		772DA3181DF5CD0100718EB6 /* AppDelegate.swift in Sources */ = {isa = PBXBuildFile; fileRef = 772DA3171DF5CD0100718EB6 /* AppDelegate.swift */; };
		772DA31C1DF5CD0100718EB6 /* DataViewController.swift in Sources */ = {isa = PBXBuildFile; fileRef = 772DA31B1DF5CD0100718EB6 /* DataViewController.swift */; };
		772DA31E1DF5CD0100718EB6 /* ModelController.swift in Sources */ = {isa = PBXBuildFile; fileRef = 772DA31D1DF5CD0100718EB6 /* ModelController.swift */; };
		772DA3211DF5CD0100718EB6 /* Main.storyboard in Resources */ = {isa = PBXBuildFile; fileRef = 772DA31F1DF5CD0100718EB6 /* Main.storyboard */; };
		772DA3231DF5CD0100718EB6 /* Assets.xcassets in Resources */ = {isa = PBXBuildFile; fileRef = 772DA3221DF5CD0100718EB6 /* Assets.xcassets */; };
		772DA3261DF5CD0100718EB6 /* LaunchScreen.storyboard in Resources */ = {isa = PBXBuildFile; fileRef = 772DA3241DF5CD0100718EB6 /* LaunchScreen.storyboard */; };
		772DA3311DF5CD0200718EB6 /* Band_Audition_AppTests.swift in Sources */ = {isa = PBXBuildFile; fileRef = 772DA3301DF5CD0200718EB6 /* Band_Audition_AppTests.swift */; };
		772DA33C1DF5CD0200718EB6 /* Band_Audition_AppUITests.swift in Sources */ = {isa = PBXBuildFile; fileRef = 772DA33B1DF5CD0200718EB6 /* Band_Audition_AppUITests.swift */; };
		772DA34E1DF5CF4E00718EB6 /* freshmenConcertPercussion.swift in Sources */ = {isa = PBXBuildFile; fileRef = 772DA34D1DF5CF4E00718EB6 /* freshmenConcertPercussion.swift */; };
		772DA3501DF5CF7200718EB6 /* varsityConcertPercussion.swift in Sources */ = {isa = PBXBuildFile; fileRef = 772DA34F1DF5CF7200718EB6 /* varsityConcertPercussion.swift */; };
		7750D9A61E82D1E300E1AF08 /* concertWindsViewController.swift in Sources */ = {isa = PBXBuildFile; fileRef = 7750D9A51E82D1E300E1AF08 /* concertWindsViewController.swift */; };
		7750D9A81E82D27B00E1AF08 /* concertWinds.swift in Sources */ = {isa = PBXBuildFile; fileRef = 7750D9A71E82D27B00E1AF08 /* concertWinds.swift */; };
		778428C61E27BE6500786327 /* keyboardViewController.swift in Sources */ = {isa = PBXBuildFile; fileRef = 778428C51E27BE6500786327 /* keyboardViewController.swift */; };
		77E06A591DFB13C50082BA8C /* audition.swift in Sources */ = {isa = PBXBuildFile; fileRef = 77E06A581DFB13C50082BA8C /* audition.swift */; };
/* End PBXBuildFile section */

/* Begin PBXContainerItemProxy section */
		772DA32D1DF5CD0200718EB6 /* PBXContainerItemProxy */ = {
			isa = PBXContainerItemProxy;
			containerPortal = 772DA30C1DF5CD0100718EB6 /* Project object */;
			proxyType = 1;
			remoteGlobalIDString = 772DA3131DF5CD0100718EB6;
			remoteInfo = "Band-Audition-App";
		};
		772DA3381DF5CD0200718EB6 /* PBXContainerItemProxy */ = {
			isa = PBXContainerItemProxy;
			containerPortal = 772DA30C1DF5CD0100718EB6 /* Project object */;
			proxyType = 1;
			remoteGlobalIDString = 772DA3131DF5CD0100718EB6;
			remoteInfo = "Band-Audition-App";
		};
/* End PBXContainerItemProxy section */

/* Begin PBXFileReference section */
		250439381E269CA8007D080A /* LabelPopOverViewController.swift */ = {isa = PBXFileReference; fileEncoding = 4; lastKnownFileType = sourcecode.swift; path = LabelPopOverViewController.swift; sourceTree = "<group>"; };
		25419EF61E390D660006E4D9 /* globalVariables.swift */ = {isa = PBXFileReference; fileEncoding = 4; lastKnownFileType = sourcecode.swift; path = globalVariables.swift; sourceTree = "<group>"; };
		25657E471E7846BB00BBCE1F /* jazzRhythms.swift */ = {isa = PBXFileReference; fileEncoding = 4; lastKnownFileType = sourcecode.swift; path = jazzRhythms.swift; sourceTree = "<group>"; };
		25657E491E7846CB00BBCE1F /* JRAuditionViewController.swift */ = {isa = PBXFileReference; fileEncoding = 4; lastKnownFileType = sourcecode.swift; path = JRAuditionViewController.swift; sourceTree = "<group>"; };
		257B19131DF877210038B298 /* ResultsViewController.swift */ = {isa = PBXFileReference; fileEncoding = 4; lastKnownFileType = sourcecode.swift; path = ResultsViewController.swift; sourceTree = "<group>"; };
		257B19151DF8772D0038B298 /* VarsityViewController.swift */ = {isa = PBXFileReference; fileEncoding = 4; lastKnownFileType = sourcecode.swift; path = VarsityViewController.swift; sourceTree = "<group>"; };
		257B19171DF8773A0038B298 /* FreshmenViewController.swift */ = {isa = PBXFileReference; fileEncoding = 4; lastKnownFileType = sourcecode.swift; path = FreshmenViewController.swift; sourceTree = "<group>"; };
		257B19191DF877520038B298 /* JazzViewController.swift */ = {isa = PBXFileReference; fileEncoding = 4; lastKnownFileType = sourcecode.swift; path = JazzViewController.swift; sourceTree = "<group>"; };
		25A2A50B1E01B32F002B9E0F /* FPAuditionViewController.swift */ = {isa = PBXFileReference; fileEncoding = 4; lastKnownFileType = sourcecode.swift; path = FPAuditionViewController.swift; sourceTree = "<group>"; };
		25D365E41E76F8AD002DFEC5 /* JDAuditionViewController.swift */ = {isa = PBXFileReference; fileEncoding = 4; lastKnownFileType = sourcecode.swift; path = JDAuditionViewController.swift; sourceTree = "<group>"; };
		25D365E61E76F91C002DFEC5 /* JazzDrumset.swift */ = {isa = PBXFileReference; fileEncoding = 4; lastKnownFileType = sourcecode.swift; path = JazzDrumset.swift; sourceTree = "<group>"; };
		77296B4E1E5CA31E003E956C /* VPAuditionViewController.swift */ = {isa = PBXFileReference; fileEncoding = 4; lastKnownFileType = sourcecode.swift; name = VPAuditionViewController.swift; path = ../VPAuditionViewController.swift; sourceTree = "<group>"; };
		772DA3141DF5CD0100718EB6 /* Band-Audition-App.app */ = {isa = PBXFileReference; explicitFileType = wrapper.application; includeInIndex = 0; path = "Band-Audition-App.app"; sourceTree = BUILT_PRODUCTS_DIR; };
		772DA3171DF5CD0100718EB6 /* AppDelegate.swift */ = {isa = PBXFileReference; lastKnownFileType = sourcecode.swift; path = AppDelegate.swift; sourceTree = "<group>"; };
		772DA31B1DF5CD0100718EB6 /* DataViewController.swift */ = {isa = PBXFileReference; lastKnownFileType = sourcecode.swift; path = DataViewController.swift; sourceTree = "<group>"; };
		772DA31D1DF5CD0100718EB6 /* ModelController.swift */ = {isa = PBXFileReference; lastKnownFileType = sourcecode.swift; path = ModelController.swift; sourceTree = "<group>"; };
		772DA3201DF5CD0100718EB6 /* Base */ = {isa = PBXFileReference; lastKnownFileType = file.storyboard; name = Base; path = Base.lproj/Main.storyboard; sourceTree = "<group>"; };
		772DA3221DF5CD0100718EB6 /* Assets.xcassets */ = {isa = PBXFileReference; lastKnownFileType = folder.assetcatalog; path = Assets.xcassets; sourceTree = "<group>"; };
		772DA3251DF5CD0100718EB6 /* Base */ = {isa = PBXFileReference; lastKnownFileType = file.storyboard; name = Base; path = Base.lproj/LaunchScreen.storyboard; sourceTree = "<group>"; };
		772DA3271DF5CD0100718EB6 /* Info.plist */ = {isa = PBXFileReference; lastKnownFileType = text.plist.xml; path = Info.plist; sourceTree = "<group>"; };
		772DA32C1DF5CD0200718EB6 /* Band-Audition-AppTests.xctest */ = {isa = PBXFileReference; explicitFileType = wrapper.cfbundle; includeInIndex = 0; path = "Band-Audition-AppTests.xctest"; sourceTree = BUILT_PRODUCTS_DIR; };
		772DA3301DF5CD0200718EB6 /* Band_Audition_AppTests.swift */ = {isa = PBXFileReference; lastKnownFileType = sourcecode.swift; path = Band_Audition_AppTests.swift; sourceTree = "<group>"; };
		772DA3321DF5CD0200718EB6 /* Info.plist */ = {isa = PBXFileReference; lastKnownFileType = text.plist.xml; path = Info.plist; sourceTree = "<group>"; };
		772DA3371DF5CD0200718EB6 /* Band-Audition-AppUITests.xctest */ = {isa = PBXFileReference; explicitFileType = wrapper.cfbundle; includeInIndex = 0; path = "Band-Audition-AppUITests.xctest"; sourceTree = BUILT_PRODUCTS_DIR; };
		772DA33B1DF5CD0200718EB6 /* Band_Audition_AppUITests.swift */ = {isa = PBXFileReference; lastKnownFileType = sourcecode.swift; path = Band_Audition_AppUITests.swift; sourceTree = "<group>"; };
		772DA33D1DF5CD0200718EB6 /* Info.plist */ = {isa = PBXFileReference; lastKnownFileType = text.plist.xml; path = Info.plist; sourceTree = "<group>"; };
		772DA34D1DF5CF4E00718EB6 /* freshmenConcertPercussion.swift */ = {isa = PBXFileReference; fileEncoding = 4; lastKnownFileType = sourcecode.swift; path = freshmenConcertPercussion.swift; sourceTree = "<group>"; };
		772DA34F1DF5CF7200718EB6 /* varsityConcertPercussion.swift */ = {isa = PBXFileReference; fileEncoding = 4; lastKnownFileType = sourcecode.swift; path = varsityConcertPercussion.swift; sourceTree = "<group>"; };
		7750D9A51E82D1E300E1AF08 /* concertWindsViewController.swift */ = {isa = PBXFileReference; fileEncoding = 4; lastKnownFileType = sourcecode.swift; path = concertWindsViewController.swift; sourceTree = "<group>"; };
		7750D9A71E82D27B00E1AF08 /* concertWinds.swift */ = {isa = PBXFileReference; fileEncoding = 4; lastKnownFileType = sourcecode.swift; path = concertWinds.swift; sourceTree = "<group>"; };
		778428C51E27BE6500786327 /* keyboardViewController.swift */ = {isa = PBXFileReference; fileEncoding = 4; lastKnownFileType = sourcecode.swift; path = keyboardViewController.swift; sourceTree = "<group>"; };
		77E06A581DFB13C50082BA8C /* audition.swift */ = {isa = PBXFileReference; fileEncoding = 4; lastKnownFileType = sourcecode.swift; path = audition.swift; sourceTree = "<group>"; };
/* End PBXFileReference section */

/* Begin PBXFrameworksBuildPhase section */
		772DA3111DF5CD0100718EB6 /* Frameworks */ = {
			isa = PBXFrameworksBuildPhase;
			buildActionMask = 2147483647;
			files = (
			);
			runOnlyForDeploymentPostprocessing = 0;
		};
		772DA3291DF5CD0200718EB6 /* Frameworks */ = {
			isa = PBXFrameworksBuildPhase;
			buildActionMask = 2147483647;
			files = (
			);
			runOnlyForDeploymentPostprocessing = 0;
		};
		772DA3341DF5CD0200718EB6 /* Frameworks */ = {
			isa = PBXFrameworksBuildPhase;
			buildActionMask = 2147483647;
			files = (
			);
			runOnlyForDeploymentPostprocessing = 0;
		};
/* End PBXFrameworksBuildPhase section */

/* Begin PBXGroup section */
		772DA30B1DF5CD0100718EB6 = {
			isa = PBXGroup;
			children = (
				772DA3161DF5CD0100718EB6 /* Band-Audition-App */,
				772DA32F1DF5CD0200718EB6 /* Band-Audition-AppTests */,
				772DA33A1DF5CD0200718EB6 /* Band-Audition-AppUITests */,
				772DA3151DF5CD0100718EB6 /* Products */,
			);
			sourceTree = "<group>";
		};
		772DA3151DF5CD0100718EB6 /* Products */ = {
			isa = PBXGroup;
			children = (
				772DA3141DF5CD0100718EB6 /* Band-Audition-App.app */,
				772DA32C1DF5CD0200718EB6 /* Band-Audition-AppTests.xctest */,
				772DA3371DF5CD0200718EB6 /* Band-Audition-AppUITests.xctest */,
			);
			name = Products;
			sourceTree = "<group>";
		};
		772DA3161DF5CD0100718EB6 /* Band-Audition-App */ = {
			isa = PBXGroup;
			children = (
				772DA3171DF5CD0100718EB6 /* AppDelegate.swift */,
				772DA31B1DF5CD0100718EB6 /* DataViewController.swift */,
				772DA31D1DF5CD0100718EB6 /* ModelController.swift */,
				772DA3271DF5CD0100718EB6 /* Info.plist */,
				772DA31F1DF5CD0100718EB6 /* Main.storyboard */,
				772DA3221DF5CD0100718EB6 /* Assets.xcassets */,
				772DA3241DF5CD0100718EB6 /* LaunchScreen.storyboard */,
				25419EF61E390D660006E4D9 /* globalVariables.swift */,
				77E06A581DFB13C50082BA8C /* audition.swift */,
				7750D9A71E82D27B00E1AF08 /* concertWinds.swift */,
				25657E471E7846BB00BBCE1F /* jazzRhythms.swift */,
				25D365E61E76F91C002DFEC5 /* JazzDrumset.swift */,
				772DA34D1DF5CF4E00718EB6 /* freshmenConcertPercussion.swift */,
				772DA34F1DF5CF7200718EB6 /* varsityConcertPercussion.swift */,
				257B19131DF877210038B298 /* ResultsViewController.swift */,
				257B19151DF8772D0038B298 /* VarsityViewController.swift */,
				257B19171DF8773A0038B298 /* FreshmenViewController.swift */,
				257B19191DF877520038B298 /* JazzViewController.swift */,
				25A2A50B1E01B32F002B9E0F /* FPAuditionViewController.swift */,
				77296B4E1E5CA31E003E956C /* VPAuditionViewController.swift */,
				7750D9A51E82D1E300E1AF08 /* concertWindsViewController.swift */,
				25D365E41E76F8AD002DFEC5 /* JDAuditionViewController.swift */,
				25657E491E7846CB00BBCE1F /* JRAuditionViewController.swift */,
				250439381E269CA8007D080A /* LabelPopOverViewController.swift */,
				778428C51E27BE6500786327 /* keyboardViewController.swift */,
			);
			path = "Band-Audition-App";
			sourceTree = "<group>";
		};
		772DA32F1DF5CD0200718EB6 /* Band-Audition-AppTests */ = {
			isa = PBXGroup;
			children = (
				772DA3301DF5CD0200718EB6 /* Band_Audition_AppTests.swift */,
				772DA3321DF5CD0200718EB6 /* Info.plist */,
			);
			path = "Band-Audition-AppTests";
			sourceTree = "<group>";
		};
		772DA33A1DF5CD0200718EB6 /* Band-Audition-AppUITests */ = {
			isa = PBXGroup;
			children = (
				772DA33B1DF5CD0200718EB6 /* Band_Audition_AppUITests.swift */,
				772DA33D1DF5CD0200718EB6 /* Info.plist */,
			);
			path = "Band-Audition-AppUITests";
			sourceTree = "<group>";
		};
/* End PBXGroup section */

/* Begin PBXNativeTarget section */
		772DA3131DF5CD0100718EB6 /* Band-Audition-App */ = {
			isa = PBXNativeTarget;
			buildConfigurationList = 772DA3401DF5CD0200718EB6 /* Build configuration list for PBXNativeTarget "Band-Audition-App" */;
			buildPhases = (
				772DA3101DF5CD0100718EB6 /* Sources */,
				772DA3111DF5CD0100718EB6 /* Frameworks */,
				772DA3121DF5CD0100718EB6 /* Resources */,
			);
			buildRules = (
			);
			dependencies = (
			);
			name = "Band-Audition-App";
			productName = "Band-Audition-App";
			productReference = 772DA3141DF5CD0100718EB6 /* Band-Audition-App.app */;
			productType = "com.apple.product-type.application";
		};
		772DA32B1DF5CD0200718EB6 /* Band-Audition-AppTests */ = {
			isa = PBXNativeTarget;
			buildConfigurationList = 772DA3431DF5CD0200718EB6 /* Build configuration list for PBXNativeTarget "Band-Audition-AppTests" */;
			buildPhases = (
				772DA3281DF5CD0200718EB6 /* Sources */,
				772DA3291DF5CD0200718EB6 /* Frameworks */,
				772DA32A1DF5CD0200718EB6 /* Resources */,
			);
			buildRules = (
			);
			dependencies = (
				772DA32E1DF5CD0200718EB6 /* PBXTargetDependency */,
			);
			name = "Band-Audition-AppTests";
			productName = "Band-Audition-AppTests";
			productReference = 772DA32C1DF5CD0200718EB6 /* Band-Audition-AppTests.xctest */;
			productType = "com.apple.product-type.bundle.unit-test";
		};
		772DA3361DF5CD0200718EB6 /* Band-Audition-AppUITests */ = {
			isa = PBXNativeTarget;
			buildConfigurationList = 772DA3461DF5CD0200718EB6 /* Build configuration list for PBXNativeTarget "Band-Audition-AppUITests" */;
			buildPhases = (
				772DA3331DF5CD0200718EB6 /* Sources */,
				772DA3341DF5CD0200718EB6 /* Frameworks */,
				772DA3351DF5CD0200718EB6 /* Resources */,
			);
			buildRules = (
			);
			dependencies = (
				772DA3391DF5CD0200718EB6 /* PBXTargetDependency */,
			);
			name = "Band-Audition-AppUITests";
			productName = "Band-Audition-AppUITests";
			productReference = 772DA3371DF5CD0200718EB6 /* Band-Audition-AppUITests.xctest */;
			productType = "com.apple.product-type.bundle.ui-testing";
		};
/* End PBXNativeTarget section */

/* Begin PBXProject section */
		772DA30C1DF5CD0100718EB6 /* Project object */ = {
			isa = PBXProject;
			attributes = {
				LastSwiftUpdateCheck = 0800;
				LastUpgradeCheck = 0800;
				ORGANIZATIONNAME = "Copy Pasta Coding";
				TargetAttributes = {
					772DA3131DF5CD0100718EB6 = {
						CreatedOnToolsVersion = 8.0;
						DevelopmentTeam = ZQMMJHZRS3;
						ProvisioningStyle = Automatic;
					};
					772DA32B1DF5CD0200718EB6 = {
						CreatedOnToolsVersion = 8.0;
						DevelopmentTeam = 75DZ4CG2N8;
						ProvisioningStyle = Automatic;
						TestTargetID = 772DA3131DF5CD0100718EB6;
					};
					772DA3361DF5CD0200718EB6 = {
						CreatedOnToolsVersion = 8.0;
						DevelopmentTeam = 75DZ4CG2N8;
						ProvisioningStyle = Automatic;
						TestTargetID = 772DA3131DF5CD0100718EB6;
					};
				};
			};
			buildConfigurationList = 772DA30F1DF5CD0100718EB6 /* Build configuration list for PBXProject "Band-Audition-App" */;
			compatibilityVersion = "Xcode 3.2";
			developmentRegion = English;
			hasScannedForEncodings = 0;
			knownRegions = (
				en,
				Base,
			);
			mainGroup = 772DA30B1DF5CD0100718EB6;
			productRefGroup = 772DA3151DF5CD0100718EB6 /* Products */;
			projectDirPath = "";
			projectRoot = "";
			targets = (
				772DA3131DF5CD0100718EB6 /* Band-Audition-App */,
				772DA32B1DF5CD0200718EB6 /* Band-Audition-AppTests */,
				772DA3361DF5CD0200718EB6 /* Band-Audition-AppUITests */,
			);
		};
/* End PBXProject section */

/* Begin PBXResourcesBuildPhase section */
		772DA3121DF5CD0100718EB6 /* Resources */ = {
			isa = PBXResourcesBuildPhase;
			buildActionMask = 2147483647;
			files = (
				772DA3261DF5CD0100718EB6 /* LaunchScreen.storyboard in Resources */,
				772DA3231DF5CD0100718EB6 /* Assets.xcassets in Resources */,
				772DA3211DF5CD0100718EB6 /* Main.storyboard in Resources */,
			);
			runOnlyForDeploymentPostprocessing = 0;
		};
		772DA32A1DF5CD0200718EB6 /* Resources */ = {
			isa = PBXResourcesBuildPhase;
			buildActionMask = 2147483647;
			files = (
			);
			runOnlyForDeploymentPostprocessing = 0;
		};
		772DA3351DF5CD0200718EB6 /* Resources */ = {
			isa = PBXResourcesBuildPhase;
			buildActionMask = 2147483647;
			files = (
			);
			runOnlyForDeploymentPostprocessing = 0;
		};
/* End PBXResourcesBuildPhase section */

/* Begin PBXSourcesBuildPhase section */
		772DA3101DF5CD0100718EB6 /* Sources */ = {
			isa = PBXSourcesBuildPhase;
			buildActionMask = 2147483647;
			files = (
				772DA31E1DF5CD0100718EB6 /* ModelController.swift in Sources */,
				772DA3501DF5CF7200718EB6 /* varsityConcertPercussion.swift in Sources */,
				250439391E269CA8007D080A /* LabelPopOverViewController.swift in Sources */,
				25D365E51E76F8AD002DFEC5 /* JDAuditionViewController.swift in Sources */,
				25A2A50C1E01B32F002B9E0F /* FPAuditionViewController.swift in Sources */,
				77E06A591DFB13C50082BA8C /* audition.swift in Sources */,
				772DA31C1DF5CD0100718EB6 /* DataViewController.swift in Sources */,
				772DA34E1DF5CF4E00718EB6 /* freshmenConcertPercussion.swift in Sources */,
				7750D9A81E82D27B00E1AF08 /* concertWinds.swift in Sources */,
				778428C61E27BE6500786327 /* keyboardViewController.swift in Sources */,
				772DA3181DF5CD0100718EB6 /* AppDelegate.swift in Sources */,
				25657E481E7846BB00BBCE1F /* jazzRhythms.swift in Sources */,
				257B191A1DF877520038B298 /* JazzViewController.swift in Sources */,
				257B19161DF8772D0038B298 /* VarsityViewController.swift in Sources */,
				257B19181DF8773A0038B298 /* FreshmenViewController.swift in Sources */,
				7750D9A61E82D1E300E1AF08 /* concertWindsViewController.swift in Sources */,
				25657E4A1E7846CB00BBCE1F /* JRAuditionViewController.swift in Sources */,
				25419EF71E390D660006E4D9 /* globalVariables.swift in Sources */,
				257B19141DF877210038B298 /* ResultsViewController.swift in Sources */,
				25D365E71E76F91C002DFEC5 /* JazzDrumset.swift in Sources */,
				77296B4F1E5CA31E003E956C /* VPAuditionViewController.swift in Sources */,
			);
			runOnlyForDeploymentPostprocessing = 0;
		};
		772DA3281DF5CD0200718EB6 /* Sources */ = {
			isa = PBXSourcesBuildPhase;
			buildActionMask = 2147483647;
			files = (
				772DA3311DF5CD0200718EB6 /* Band_Audition_AppTests.swift in Sources */,
			);
			runOnlyForDeploymentPostprocessing = 0;
		};
		772DA3331DF5CD0200718EB6 /* Sources */ = {
			isa = PBXSourcesBuildPhase;
			buildActionMask = 2147483647;
			files = (
				772DA33C1DF5CD0200718EB6 /* Band_Audition_AppUITests.swift in Sources */,
			);
			runOnlyForDeploymentPostprocessing = 0;
		};
/* End PBXSourcesBuildPhase section */

/* Begin PBXTargetDependency section */
		772DA32E1DF5CD0200718EB6 /* PBXTargetDependency */ = {
			isa = PBXTargetDependency;
			target = 772DA3131DF5CD0100718EB6 /* Band-Audition-App */;
			targetProxy = 772DA32D1DF5CD0200718EB6 /* PBXContainerItemProxy */;
		};
		772DA3391DF5CD0200718EB6 /* PBXTargetDependency */ = {
			isa = PBXTargetDependency;
			target = 772DA3131DF5CD0100718EB6 /* Band-Audition-App */;
			targetProxy = 772DA3381DF5CD0200718EB6 /* PBXContainerItemProxy */;
		};
/* End PBXTargetDependency section */

/* Begin PBXVariantGroup section */
		772DA31F1DF5CD0100718EB6 /* Main.storyboard */ = {
			isa = PBXVariantGroup;
			children = (
				772DA3201DF5CD0100718EB6 /* Base */,
			);
			name = Main.storyboard;
			sourceTree = "<group>";
		};
		772DA3241DF5CD0100718EB6 /* LaunchScreen.storyboard */ = {
			isa = PBXVariantGroup;
			children = (
				772DA3251DF5CD0100718EB6 /* Base */,
			);
			name = LaunchScreen.storyboard;
			sourceTree = "<group>";
		};
/* End PBXVariantGroup section */

/* Begin XCBuildConfiguration section */
		772DA33E1DF5CD0200718EB6 /* Debug */ = {
			isa = XCBuildConfiguration;
			buildSettings = {
				ALWAYS_SEARCH_USER_PATHS = NO;
				CLANG_ANALYZER_NONNULL = YES;
				CLANG_CXX_LANGUAGE_STANDARD = "gnu++0x";
				CLANG_CXX_LIBRARY = "libc++";
				CLANG_ENABLE_MODULES = YES;
				CLANG_ENABLE_OBJC_ARC = YES;
				CLANG_WARN_BOOL_CONVERSION = YES;
				CLANG_WARN_CONSTANT_CONVERSION = YES;
				CLANG_WARN_DIRECT_OBJC_ISA_USAGE = YES_ERROR;
				CLANG_WARN_DOCUMENTATION_COMMENTS = YES;
				CLANG_WARN_EMPTY_BODY = YES;
				CLANG_WARN_ENUM_CONVERSION = YES;
				CLANG_WARN_INFINITE_RECURSION = YES;
				CLANG_WARN_INT_CONVERSION = YES;
				CLANG_WARN_OBJC_ROOT_CLASS = YES_ERROR;
				CLANG_WARN_SUSPICIOUS_MOVES = YES;
				CLANG_WARN_UNREACHABLE_CODE = YES;
				CLANG_WARN__DUPLICATE_METHOD_MATCH = YES;
				"CODE_SIGN_IDENTITY[sdk=iphoneos*]" = "iPhone Developer";
				COPY_PHASE_STRIP = NO;
				DEBUG_INFORMATION_FORMAT = dwarf;
				ENABLE_STRICT_OBJC_MSGSEND = YES;
				ENABLE_TESTABILITY = YES;
				GCC_C_LANGUAGE_STANDARD = gnu99;
				GCC_DYNAMIC_NO_PIC = NO;
				GCC_NO_COMMON_BLOCKS = YES;
				GCC_OPTIMIZATION_LEVEL = 0;
				GCC_PREPROCESSOR_DEFINITIONS = (
					"DEBUG=1",
					"$(inherited)",
				);
				GCC_WARN_64_TO_32_BIT_CONVERSION = YES;
				GCC_WARN_ABOUT_RETURN_TYPE = YES_ERROR;
				GCC_WARN_UNDECLARED_SELECTOR = YES;
				GCC_WARN_UNINITIALIZED_AUTOS = YES_AGGRESSIVE;
				GCC_WARN_UNUSED_FUNCTION = YES;
				GCC_WARN_UNUSED_VARIABLE = YES;
				IPHONEOS_DEPLOYMENT_TARGET = 10.0;
				MTL_ENABLE_DEBUG_INFO = YES;
				ONLY_ACTIVE_ARCH = YES;
				SDKROOT = iphoneos;
				SWIFT_ACTIVE_COMPILATION_CONDITIONS = DEBUG;
				SWIFT_OPTIMIZATION_LEVEL = "-Onone";
				TARGETED_DEVICE_FAMILY = 2;
			};
			name = Debug;
		};
		772DA33F1DF5CD0200718EB6 /* Release */ = {
			isa = XCBuildConfiguration;
			buildSettings = {
				ALWAYS_SEARCH_USER_PATHS = NO;
				CLANG_ANALYZER_NONNULL = YES;
				CLANG_CXX_LANGUAGE_STANDARD = "gnu++0x";
				CLANG_CXX_LIBRARY = "libc++";
				CLANG_ENABLE_MODULES = YES;
				CLANG_ENABLE_OBJC_ARC = YES;
				CLANG_WARN_BOOL_CONVERSION = YES;
				CLANG_WARN_CONSTANT_CONVERSION = YES;
				CLANG_WARN_DIRECT_OBJC_ISA_USAGE = YES_ERROR;
				CLANG_WARN_DOCUMENTATION_COMMENTS = YES;
				CLANG_WARN_EMPTY_BODY = YES;
				CLANG_WARN_ENUM_CONVERSION = YES;
				CLANG_WARN_INFINITE_RECURSION = YES;
				CLANG_WARN_INT_CONVERSION = YES;
				CLANG_WARN_OBJC_ROOT_CLASS = YES_ERROR;
				CLANG_WARN_SUSPICIOUS_MOVES = YES;
				CLANG_WARN_UNREACHABLE_CODE = YES;
				CLANG_WARN__DUPLICATE_METHOD_MATCH = YES;
				"CODE_SIGN_IDENTITY[sdk=iphoneos*]" = "iPhone Developer";
				COPY_PHASE_STRIP = NO;
				DEBUG_INFORMATION_FORMAT = "dwarf-with-dsym";
				ENABLE_NS_ASSERTIONS = NO;
				ENABLE_STRICT_OBJC_MSGSEND = YES;
				GCC_C_LANGUAGE_STANDARD = gnu99;
				GCC_NO_COMMON_BLOCKS = YES;
				GCC_WARN_64_TO_32_BIT_CONVERSION = YES;
				GCC_WARN_ABOUT_RETURN_TYPE = YES_ERROR;
				GCC_WARN_UNDECLARED_SELECTOR = YES;
				GCC_WARN_UNINITIALIZED_AUTOS = YES_AGGRESSIVE;
				GCC_WARN_UNUSED_FUNCTION = YES;
				GCC_WARN_UNUSED_VARIABLE = YES;
				IPHONEOS_DEPLOYMENT_TARGET = 10.0;
				MTL_ENABLE_DEBUG_INFO = NO;
				SDKROOT = iphoneos;
				SWIFT_OPTIMIZATION_LEVEL = "-Owholemodule";
				TARGETED_DEVICE_FAMILY = 2;
				VALIDATE_PRODUCT = YES;
			};
			name = Release;
		};
		772DA3411DF5CD0200718EB6 /* Debug */ = {
			isa = XCBuildConfiguration;
			buildSettings = {
				ASSETCATALOG_COMPILER_APPICON_NAME = AppIcon;
				DEVELOPMENT_TEAM = ZQMMJHZRS3;
				INFOPLIST_FILE = "Band-Audition-App/Info.plist";
				IPHONEOS_DEPLOYMENT_TARGET = 10.0;
				LD_RUNPATH_SEARCH_PATHS = "$(inherited) @executable_path/Frameworks";
				PRODUCT_BUNDLE_IDENTIFIER = "Mad2016.Band-Audition-App";
				PRODUCT_NAME = "$(TARGET_NAME)";
				SWIFT_VERSION = 3.0;
			};
			name = Debug;
		};
		772DA3421DF5CD0200718EB6 /* Release */ = {
			isa = XCBuildConfiguration;
			buildSettings = {
				ASSETCATALOG_COMPILER_APPICON_NAME = AppIcon;
				DEVELOPMENT_TEAM = ZQMMJHZRS3;
				INFOPLIST_FILE = "Band-Audition-App/Info.plist";
				IPHONEOS_DEPLOYMENT_TARGET = 10.0;
				LD_RUNPATH_SEARCH_PATHS = "$(inherited) @executable_path/Frameworks";
				PRODUCT_BUNDLE_IDENTIFIER = "Mad2016.Band-Audition-App";
				PRODUCT_NAME = "$(TARGET_NAME)";
				SWIFT_VERSION = 3.0;
			};
			name = Release;
		};
		772DA3441DF5CD0200718EB6 /* Debug */ = {
			isa = XCBuildConfiguration;
			buildSettings = {
				ALWAYS_EMBED_SWIFT_STANDARD_LIBRARIES = YES;
				BUNDLE_LOADER = "$(TEST_HOST)";
				DEVELOPMENT_TEAM = 75DZ4CG2N8;
				INFOPLIST_FILE = "Band-Audition-AppTests/Info.plist";
				LD_RUNPATH_SEARCH_PATHS = "$(inherited) @executable_path/Frameworks @loader_path/Frameworks";
				PRODUCT_BUNDLE_IDENTIFIER = "Mad2016.Band-Audition-AppTests";
				PRODUCT_NAME = "$(TARGET_NAME)";
				SWIFT_VERSION = 3.0;
				TEST_HOST = "$(BUILT_PRODUCTS_DIR)/Band-Audition-App.app/Band-Audition-App";
			};
			name = Debug;
		};
		772DA3451DF5CD0200718EB6 /* Release */ = {
			isa = XCBuildConfiguration;
			buildSettings = {
				ALWAYS_EMBED_SWIFT_STANDARD_LIBRARIES = YES;
				BUNDLE_LOADER = "$(TEST_HOST)";
				DEVELOPMENT_TEAM = 75DZ4CG2N8;
				INFOPLIST_FILE = "Band-Audition-AppTests/Info.plist";
				LD_RUNPATH_SEARCH_PATHS = "$(inherited) @executable_path/Frameworks @loader_path/Frameworks";
				PRODUCT_BUNDLE_IDENTIFIER = "Mad2016.Band-Audition-AppTests";
				PRODUCT_NAME = "$(TARGET_NAME)";
				SWIFT_VERSION = 3.0;
				TEST_HOST = "$(BUILT_PRODUCTS_DIR)/Band-Audition-App.app/Band-Audition-App";
			};
			name = Release;
		};
		772DA3471DF5CD0200718EB6 /* Debug */ = {
			isa = XCBuildConfiguration;
			buildSettings = {
				ALWAYS_EMBED_SWIFT_STANDARD_LIBRARIES = YES;
				DEVELOPMENT_TEAM = 75DZ4CG2N8;
				INFOPLIST_FILE = "Band-Audition-AppUITests/Info.plist";
				LD_RUNPATH_SEARCH_PATHS = "$(inherited) @executable_path/Frameworks @loader_path/Frameworks";
				PRODUCT_BUNDLE_IDENTIFIER = "Mad2016.Band-Audition-AppUITests";
				PRODUCT_NAME = "$(TARGET_NAME)";
				SWIFT_VERSION = 3.0;
				TEST_TARGET_NAME = "Band-Audition-App";
			};
			name = Debug;
		};
		772DA3481DF5CD0200718EB6 /* Release */ = {
			isa = XCBuildConfiguration;
			buildSettings = {
				ALWAYS_EMBED_SWIFT_STANDARD_LIBRARIES = YES;
				DEVELOPMENT_TEAM = 75DZ4CG2N8;
				INFOPLIST_FILE = "Band-Audition-AppUITests/Info.plist";
				LD_RUNPATH_SEARCH_PATHS = "$(inherited) @executable_path/Frameworks @loader_path/Frameworks";
				PRODUCT_BUNDLE_IDENTIFIER = "Mad2016.Band-Audition-AppUITests";
				PRODUCT_NAME = "$(TARGET_NAME)";
				SWIFT_VERSION = 3.0;
				TEST_TARGET_NAME = "Band-Audition-App";
			};
			name = Release;
		};
/* End XCBuildConfiguration section */

/* Begin XCConfigurationList section */
		772DA30F1DF5CD0100718EB6 /* Build configuration list for PBXProject "Band-Audition-App" */ = {
			isa = XCConfigurationList;
			buildConfigurations = (
				772DA33E1DF5CD0200718EB6 /* Debug */,
				772DA33F1DF5CD0200718EB6 /* Release */,
			);
			defaultConfigurationIsVisible = 0;
			defaultConfigurationName = Release;
		};
		772DA3401DF5CD0200718EB6 /* Build configuration list for PBXNativeTarget "Band-Audition-App" */ = {
			isa = XCConfigurationList;
			buildConfigurations = (
				772DA3411DF5CD0200718EB6 /* Debug */,
				772DA3421DF5CD0200718EB6 /* Release */,
			);
			defaultConfigurationIsVisible = 0;
			defaultConfigurationName = Release;
		};
		772DA3431DF5CD0200718EB6 /* Build configuration list for PBXNativeTarget "Band-Audition-AppTests" */ = {
			isa = XCConfigurationList;
			buildConfigurations = (
				772DA3441DF5CD0200718EB6 /* Debug */,
				772DA3451DF5CD0200718EB6 /* Release */,
			);
			defaultConfigurationIsVisible = 0;
			defaultConfigurationName = Release;
		};
		772DA3461DF5CD0200718EB6 /* Build configuration list for PBXNativeTarget "Band-Audition-AppUITests" */ = {
			isa = XCConfigurationList;
			buildConfigurations = (
				772DA3471DF5CD0200718EB6 /* Debug */,
				772DA3481DF5CD0200718EB6 /* Release */,
			);
			defaultConfigurationIsVisible = 0;
			defaultConfigurationName = Release;
		};
/* End XCConfigurationList section */
	};
	rootObject = 772DA30C1DF5CD0100718EB6 /* Project object */;
}
